
Microsoft Visual Studio Solution File, Format Version 12.00
# Visual Studio Version 17
VisualStudioVersion = 17.1.32421.90
MinimumVisualStudioVersion = 10.0.40219.1
Project("{FAE04EC0-301F-11D3-BF4B-00C04F79EFBC}") = "Prueba Diagnostica", "Prueba Diagnostica\Prueba Diagnostica.csproj", "{4C40E8BA-2691-41A6-8326-0A9031DB6F94}"
EndProject
Global
	GlobalSection(SolutionConfigurationPlatforms) = preSolution
		Debug|Any CPU = Debug|Any CPU
		Release|Any CPU = Release|Any CPU
	EndGlobalSection
	GlobalSection(ProjectConfigurationPlatforms) = postSolution
		{4C40E8BA-2691-41A6-8326-0A9031DB6F94}.Debug|Any CPU.ActiveCfg = Debug|Any CPU
		{4C40E8BA-2691-41A6-8326-0A9031DB6F94}.Debug|Any CPU.Build.0 = Debug|Any CPU
		{4C40E8BA-2691-41A6-8326-0A9031DB6F94}.Release|Any CPU.ActiveCfg = Release|Any CPU
		{4C40E8BA-2691-41A6-8326-0A9031DB6F94}.Release|Any CPU.Build.0 = Release|Any CPU
	EndGlobalSection
	GlobalSection(SolutionProperties) = preSolution
		HideSolutionNode = FALSE
	EndGlobalSection
	GlobalSection(ExtensibilityGlobals) = postSolution
		SolutionGuid = {A2A7012A-6A52-4B4F-AFA2-AEE6BA807DDB}
	EndGlobalSection
EndGlobal
